// !$*UTF8*$!
{
	archiveVersion = 1;
	classes = {
	};
	objectVersion = 46;
	objects = {

/* Begin PBXBuildFile section */
		3FE11C431E4A2F1C007746AD /* AppDelegate.swift in Sources */ = {isa = PBXBuildFile; fileRef = 3FE11C421E4A2F1C007746AD /* AppDelegate.swift */; };
		3FE11C451E4A2F1C007746AD /* ViewController.swift in Sources */ = {isa = PBXBuildFile; fileRef = 3FE11C441E4A2F1C007746AD /* ViewController.swift */; };
		3FE11C481E4A2F1C007746AD /* Main.storyboard in Resources */ = {isa = PBXBuildFile; fileRef = 3FE11C461E4A2F1C007746AD /* Main.storyboard */; };
		3FE11C4A1E4A2F1C007746AD /* Assets.xcassets in Resources */ = {isa = PBXBuildFile; fileRef = 3FE11C491E4A2F1C007746AD /* Assets.xcassets */; };
		3FE11C4D1E4A2F1C007746AD /* LaunchScreen.storyboard in Resources */ = {isa = PBXBuildFile; fileRef = 3FE11C4B1E4A2F1C007746AD /* LaunchScreen.storyboard */; };
		3FE11C581E4A2F1C007746AD /* CollegeProfileBuilderTests.swift in Sources */ = {isa = PBXBuildFile; fileRef = 3FE11C571E4A2F1C007746AD /* CollegeProfileBuilderTests.swift */; };
		3FE11C631E4A2F1C007746AD /* CollegeProfileBuilderUITests.swift in Sources */ = {isa = PBXBuildFile; fileRef = 3FE11C621E4A2F1C007746AD /* CollegeProfileBuilderUITests.swift */; };
/* End PBXBuildFile section */

/* Begin PBXContainerItemProxy section */
		3FE11C541E4A2F1C007746AD /* PBXContainerItemProxy */ = {
			isa = PBXContainerItemProxy;
			containerPortal = 3FE11C371E4A2F1C007746AD /* Project object */;
			proxyType = 1;
			remoteGlobalIDString = 3FE11C3E1E4A2F1C007746AD;
			remoteInfo = CollegeProfileBuilder;
		};
		3FE11C5F1E4A2F1C007746AD /* PBXContainerItemProxy */ = {
			isa = PBXContainerItemProxy;
			containerPortal = 3FE11C371E4A2F1C007746AD /* Project object */;
			proxyType = 1;
			remoteGlobalIDString = 3FE11C3E1E4A2F1C007746AD;
			remoteInfo = CollegeProfileBuilder;
		};
/* End PBXContainerItemProxy section */

/* Begin PBXFileReference section */
		3FE11C3F1E4A2F1C007746AD /* CollegeProfileBuilder.app */ = {isa = PBXFileReference; explicitFileType = wrapper.application; includeInIndex = 0; path = CollegeProfileBuilder.app; sourceTree = BUILT_PRODUCTS_DIR; };
		3FE11C421E4A2F1C007746AD /* AppDelegate.swift */ = {isa = PBXFileReference; lastKnownFileType = sourcecode.swift; path = AppDelegate.swift; sourceTree = "<group>"; };
		3FE11C441E4A2F1C007746AD /* ViewController.swift */ = {isa = PBXFileReference; lastKnownFileType = sourcecode.swift; path = ViewController.swift; sourceTree = "<group>"; };
		3FE11C471E4A2F1C007746AD /* Base */ = {isa = PBXFileReference; lastKnownFileType = file.storyboard; name = Base; path = Base.lproj/Main.storyboard; sourceTree = "<group>"; };
		3FE11C491E4A2F1C007746AD /* Assets.xcassets */ = {isa = PBXFileReference; lastKnownFileType = folder.assetcatalog; path = Assets.xcassets; sourceTree = "<group>"; };
		3FE11C4C1E4A2F1C007746AD /* Base */ = {isa = PBXFileReference; lastKnownFileType = file.storyboard; name = Base; path = Base.lproj/LaunchScreen.storyboard; sourceTree = "<group>"; };
		3FE11C4E1E4A2F1C007746AD /* Info.plist */ = {isa = PBXFileReference; lastKnownFileType = text.plist.xml; path = Info.plist; sourceTree = "<group>"; };
		3FE11C531E4A2F1C007746AD /* CollegeProfileBuilderTests.xctest */ = {isa = PBXFileReference; explicitFileType = wrapper.cfbundle; includeInIndex = 0; path = CollegeProfileBuilderTests.xctest; sourceTree = BUILT_PRODUCTS_DIR; };
		3FE11C571E4A2F1C007746AD /* CollegeProfileBuilderTests.swift */ = {isa = PBXFileReference; lastKnownFileType = sourcecode.swift; path = CollegeProfileBuilderTests.swift; sourceTree = "<group>"; };
		3FE11C591E4A2F1C007746AD /* Info.plist */ = {isa = PBXFileReference; lastKnownFileType = text.plist.xml; path = Info.plist; sourceTree = "<group>"; };
		3FE11C5E1E4A2F1C007746AD /* CollegeProfileBuilderUITests.xctest */ = {isa = PBXFileReference; explicitFileType = wrapper.cfbundle; includeInIndex = 0; path = CollegeProfileBuilderUITests.xctest; sourceTree = BUILT_PRODUCTS_DIR; };
		3FE11C621E4A2F1C007746AD /* CollegeProfileBuilderUITests.swift */ = {isa = PBXFileReference; lastKnownFileType = sourcecode.swift; path = CollegeProfileBuilderUITests.swift; sourceTree = "<group>"; };
		3FE11C641E4A2F1C007746AD /* Info.plist */ = {isa = PBXFileReference; lastKnownFileType = text.plist.xml; path = Info.plist; sourceTree = "<group>"; };
/* End PBXFileReference section */

/* Begin PBXFrameworksBuildPhase section */
		3FE11C3C1E4A2F1C007746AD /* Frameworks */ = {
			isa = PBXFrameworksBuildPhase;
			buildActionMask = 2147483647;
			files = (
			);
			runOnlyForDeploymentPostprocessing = 0;
		};
		3FE11C501E4A2F1C007746AD /* Frameworks */ = {
			isa = PBXFrameworksBuildPhase;
			buildActionMask = 2147483647;
			files = (
			);
			runOnlyForDeploymentPostprocessing = 0;
		};
		3FE11C5B1E4A2F1C007746AD /* Frameworks */ = {
			isa = PBXFrameworksBuildPhase;
			buildActionMask = 2147483647;
			files = (
			);
			runOnlyForDeploymentPostprocessing = 0;
		};
/* End PBXFrameworksBuildPhase section */

/* Begin PBXGroup section */
		3FE11C361E4A2F1C007746AD = {
			isa = PBXGroup;
			children = (
				3FE11C411E4A2F1C007746AD /* CollegeProfileBuilder */,
				3FE11C561E4A2F1C007746AD /* CollegeProfileBuilderTests */,
				3FE11C611E4A2F1C007746AD /* CollegeProfileBuilderUITests */,
				3FE11C401E4A2F1C007746AD /* Products */,
			);
			sourceTree = "<group>";
		};
		3FE11C401E4A2F1C007746AD /* Products */ = {
			isa = PBXGroup;
			children = (
				3FE11C3F1E4A2F1C007746AD /* CollegeProfileBuilder.app */,
				3FE11C531E4A2F1C007746AD /* CollegeProfileBuilderTests.xctest */,
				3FE11C5E1E4A2F1C007746AD /* CollegeProfileBuilderUITests.xctest */,
			);
			name = Products;
			sourceTree = "<group>";
		};
		3FE11C411E4A2F1C007746AD /* CollegeProfileBuilder */ = {
			isa = PBXGroup;
			children = (
				3FE11C421E4A2F1C007746AD /* AppDelegate.swift */,
				3FE11C441E4A2F1C007746AD /* ViewController.swift */,
				3FE11C461E4A2F1C007746AD /* Main.storyboard */,
				3FE11C491E4A2F1C007746AD /* Assets.xcassets */,
				3FE11C4B1E4A2F1C007746AD /* LaunchScreen.storyboard */,
				3FE11C4E1E4A2F1C007746AD /* Info.plist */,
			);
			path = CollegeProfileBuilder;
			sourceTree = "<group>";
		};
		3FE11C561E4A2F1C007746AD /* CollegeProfileBuilderTests */ = {
			isa = PBXGroup;
			children = (
				3FE11C571E4A2F1C007746AD /* CollegeProfileBuilderTests.swift */,
				3FE11C591E4A2F1C007746AD /* Info.plist */,
			);
			path = CollegeProfileBuilderTests;
			sourceTree = "<group>";
		};
		3FE11C611E4A2F1C007746AD /* CollegeProfileBuilderUITests */ = {
			isa = PBXGroup;
			children = (
				3FE11C621E4A2F1C007746AD /* CollegeProfileBuilderUITests.swift */,
				3FE11C641E4A2F1C007746AD /* Info.plist */,
			);
			path = CollegeProfileBuilderUITests;
			sourceTree = "<group>";
		};
/* End PBXGroup section */

/* Begin PBXNativeTarget section */
		3FE11C3E1E4A2F1C007746AD /* CollegeProfileBuilder */ = {
			isa = PBXNativeTarget;
			buildConfigurationList = 3FE11C671E4A2F1C007746AD /* Build configuration list for PBXNativeTarget "CollegeProfileBuilder" */;
			buildPhases = (
				3FE11C3B1E4A2F1C007746AD /* Sources */,
				3FE11C3C1E4A2F1C007746AD /* Frameworks */,
				3FE11C3D1E4A2F1C007746AD /* Resources */,
			);
			buildRules = (
			);
			dependencies = (
			);
			name = CollegeProfileBuilder;
			productName = CollegeProfileBuilder;
			productReference = 3FE11C3F1E4A2F1C007746AD /* CollegeProfileBuilder.app */;
			productType = "com.apple.product-type.application";
		};
		3FE11C521E4A2F1C007746AD /* CollegeProfileBuilderTests */ = {
			isa = PBXNativeTarget;
			buildConfigurationList = 3FE11C6A1E4A2F1C007746AD /* Build configuration list for PBXNativeTarget "CollegeProfileBuilderTests" */;
			buildPhases = (
				3FE11C4F1E4A2F1C007746AD /* Sources */,
				3FE11C501E4A2F1C007746AD /* Frameworks */,
				3FE11C511E4A2F1C007746AD /* Resources */,
			);
			buildRules = (
			);
			dependencies = (
				3FE11C551E4A2F1C007746AD /* PBXTargetDependency */,
			);
			name = CollegeProfileBuilderTests;
			productName = CollegeProfileBuilderTests;
			productReference = 3FE11C531E4A2F1C007746AD /* CollegeProfileBuilderTests.xctest */;
			productType = "com.apple.product-type.bundle.unit-test";
		};
		3FE11C5D1E4A2F1C007746AD /* CollegeProfileBuilderUITests */ = {
			isa = PBXNativeTarget;
			buildConfigurationList = 3FE11C6D1E4A2F1C007746AD /* Build configuration list for PBXNativeTarget "CollegeProfileBuilderUITests" */;
			buildPhases = (
				3FE11C5A1E4A2F1C007746AD /* Sources */,
				3FE11C5B1E4A2F1C007746AD /* Frameworks */,
				3FE11C5C1E4A2F1C007746AD /* Resources */,
			);
			buildRules = (
			);
			dependencies = (
				3FE11C601E4A2F1C007746AD /* PBXTargetDependency */,
			);
			name = CollegeProfileBuilderUITests;
			productName = CollegeProfileBuilderUITests;
			productReference = 3FE11C5E1E4A2F1C007746AD /* CollegeProfileBuilderUITests.xctest */;
			productType = "com.apple.product-type.bundle.ui-testing";
		};
/* End PBXNativeTarget section */

/* Begin PBXProject section */
		3FE11C371E4A2F1C007746AD /* Project object */ = {
			isa = PBXProject;
			attributes = {
				LastSwiftUpdateCheck = 0800;
				LastUpgradeCheck = 0800;
				ORGANIZATIONNAME = bhs;
				TargetAttributes = {
					3FE11C3E1E4A2F1C007746AD = {
						CreatedOnToolsVersion = 8.0;
						ProvisioningStyle = Automatic;
					};
					3FE11C521E4A2F1C007746AD = {
						CreatedOnToolsVersion = 8.0;
						ProvisioningStyle = Automatic;
						TestTargetID = 3FE11C3E1E4A2F1C007746AD;
					};
					3FE11C5D1E4A2F1C007746AD = {
						CreatedOnToolsVersion = 8.0;
						ProvisioningStyle = Automatic;
						TestTargetID = 3FE11C3E1E4A2F1C007746AD;
					};
				};
			};
			buildConfigurationList = 3FE11C3A1E4A2F1C007746AD /* Build configuration list for PBXProject "CollegeProfileBuilder" */;
			compatibilityVersion = "Xcode 3.2";
			developmentRegion = English;
			hasScannedForEncodings = 0;
			knownRegions = (
				en,
				Base,
			);
			mainGroup = 3FE11C361E4A2F1C007746AD;
			productRefGroup = 3FE11C401E4A2F1C007746AD /* Products */;
			projectDirPath = "";
			projectRoot = "";
			targets = (
				3FE11C3E1E4A2F1C007746AD /* CollegeProfileBuilder */,
				3FE11C521E4A2F1C007746AD /* CollegeProfileBuilderTests */,
				3FE11C5D1E4A2F1C007746AD /* CollegeProfileBuilderUITests */,
			);
		};
/* End PBXProject section */

/* Begin PBXResourcesBuildPhase section */
		3FE11C3D1E4A2F1C007746AD /* Resources */ = {
			isa = PBXResourcesBuildPhase;
			buildActionMask = 2147483647;
			files = (
				3FE11C4D1E4A2F1C007746AD /* LaunchScreen.storyboard in Resources */,
				3FE11C4A1E4A2F1C007746AD /* Assets.xcassets in Resources */,
				3FE11C481E4A2F1C007746AD /* Main.storyboard in Resources */,
			);
			runOnlyForDeploymentPostprocessing = 0;
		};
		3FE11C511E4A2F1C007746AD /* Resources */ = {
			isa = PBXResourcesBuildPhase;
			buildActionMask = 2147483647;
			files = (
			);
			runOnlyForDeploymentPostprocessing = 0;
		};
		3FE11C5C1E4A2F1C007746AD /* Resources */ = {
			isa = PBXResourcesBuildPhase;
			buildActionMask = 2147483647;
			files = (
			);
			runOnlyForDeploymentPostprocessing = 0;
		};
/* End PBXResourcesBuildPhase section */

/* Begin PBXSourcesBuildPhase section */
		3FE11C3B1E4A2F1C007746AD /* Sources */ = {
			isa = PBXSourcesBuildPhase;
			buildActionMask = 2147483647;
			files = (
				3FE11C451E4A2F1C007746AD /* ViewController.swift in Sources */,
				3FE11C431E4A2F1C007746AD /* AppDelegate.swift in Sources */,
			);
			runOnlyForDeploymentPostprocessing = 0;
		};
		3FE11C4F1E4A2F1C007746AD /* Sources */ = {
			isa = PBXSourcesBuildPhase;
			buildActionMask = 2147483647;
			files = (
				3FE11C581E4A2F1C007746AD /* CollegeProfileBuilderTests.swift in Sources */,
			);
			runOnlyForDeploymentPostprocessing = 0;
		};
		3FE11C5A1E4A2F1C007746AD /* Sources */ = {
			isa = PBXSourcesBuildPhase;
			buildActionMask = 2147483647;
			files = (
				3FE11C631E4A2F1C007746AD /* CollegeProfileBuilderUITests.swift in Sources */,
			);
			runOnlyForDeploymentPostprocessing = 0;
		};
/* End PBXSourcesBuildPhase section */

/* Begin PBXTargetDependency section */
		3FE11C551E4A2F1C007746AD /* PBXTargetDependency */ = {
			isa = PBXTargetDependency;
			target = 3FE11C3E1E4A2F1C007746AD /* CollegeProfileBuilder */;
			targetProxy = 3FE11C541E4A2F1C007746AD /* PBXContainerItemProxy */;
		};
		3FE11C601E4A2F1C007746AD /* PBXTargetDependency */ = {
			isa = PBXTargetDependency;
			target = 3FE11C3E1E4A2F1C007746AD /* CollegeProfileBuilder */;
			targetProxy = 3FE11C5F1E4A2F1C007746AD /* PBXContainerItemProxy */;
		};
/* End PBXTargetDependency section */

/* Begin PBXVariantGroup section */
		3FE11C461E4A2F1C007746AD /* Main.storyboard */ = {
			isa = PBXVariantGroup;
			children = (
				3FE11C471E4A2F1C007746AD /* Base */,
			);
			name = Main.storyboard;
			sourceTree = "<group>";
		};
		3FE11C4B1E4A2F1C007746AD /* LaunchScreen.storyboard */ = {
			isa = PBXVariantGroup;
			children = (
				3FE11C4C1E4A2F1C007746AD /* Base */,
			);
			name = LaunchScreen.storyboard;
			sourceTree = "<group>";
		};
/* End PBXVariantGroup section */

/* Begin XCBuildConfiguration section */
		3FE11C651E4A2F1C007746AD /* Debug */ = {
			isa = XCBuildConfiguration;
			buildSettings = {
				ALWAYS_SEARCH_USER_PATHS = NO;
				CLANG_ANALYZER_NONNULL = YES;
				CLANG_CXX_LANGUAGE_STANDARD = "gnu++0x";
				CLANG_CXX_LIBRARY = "libc++";
				CLANG_ENABLE_MODULES = YES;
				CLANG_ENABLE_OBJC_ARC = YES;
				CLANG_WARN_BOOL_CONVERSION = YES;
				CLANG_WARN_CONSTANT_CONVERSION = YES;
				CLANG_WARN_DIRECT_OBJC_ISA_USAGE = YES_ERROR;
				CLANG_WARN_DOCUMENTATION_COMMENTS = YES;
				CLANG_WARN_EMPTY_BODY = YES;
				CLANG_WARN_ENUM_CONVERSION = YES;
				CLANG_WARN_INFINITE_RECURSION = YES;
				CLANG_WARN_INT_CONVERSION = YES;
				CLANG_WARN_OBJC_ROOT_CLASS = YES_ERROR;
				CLANG_WARN_SUSPICIOUS_MOVES = YES;
				CLANG_WARN_UNREACHABLE_CODE = YES;
				CLANG_WARN__DUPLICATE_METHOD_MATCH = YES;
				"CODE_SIGN_IDENTITY[sdk=iphoneos*]" = "iPhone Developer";
				COPY_PHASE_STRIP = NO;
				DEBUG_INFORMATION_FORMAT = dwarf;
				ENABLE_STRICT_OBJC_MSGSEND = YES;
				ENABLE_TESTABILITY = YES;
				GCC_C_LANGUAGE_STANDARD = gnu99;
				GCC_DYNAMIC_NO_PIC = NO;
				GCC_NO_COMMON_BLOCKS = YES;
				GCC_OPTIMIZATION_LEVEL = 0;
				GCC_PREPROCESSOR_DEFINITIONS = (
					"DEBUG=1",
					"$(inherited)",
				);
				GCC_WARN_64_TO_32_BIT_CONVERSION = YES;
				GCC_WARN_ABOUT_RETURN_TYPE = YES_ERROR;
				GCC_WARN_UNDECLARED_SELECTOR = YES;
				GCC_WARN_UNINITIALIZED_AUTOS = YES_AGGRESSIVE;
				GCC_WARN_UNUSED_FUNCTION = YES;
				GCC_WARN_UNUSED_VARIABLE = YES;
				IPHONEOS_DEPLOYMENT_TARGET = 10.0;
				MTL_ENABLE_DEBUG_INFO = YES;
				ONLY_ACTIVE_ARCH = YES;
				SDKROOT = iphoneos;
				SWIFT_ACTIVE_COMPILATION_CONDITIONS = DEBUG;
				SWIFT_OPTIMIZATION_LEVEL = "-Onone";
				TARGETED_DEVICE_FAMILY = "1,2";
			};
			name = Debug;
		};
		3FE11C661E4A2F1C007746AD /* Release */ = {
			isa = XCBuildConfiguration;
			buildSettings = {
				ALWAYS_SEARCH_USER_PATHS = NO;
				CLANG_ANALYZER_NONNULL = YES;
				CLANG_CXX_LANGUAGE_STANDARD = "gnu++0x";
				CLANG_CXX_LIBRARY = "libc++";
				CLANG_ENABLE_MODULES = YES;
				CLANG_ENABLE_OBJC_ARC = YES;
				CLANG_WARN_BOOL_CONVERSION = YES;
				CLANG_WARN_CONSTANT_CONVERSION = YES;
				CLANG_WARN_DIRECT_OBJC_ISA_USAGE = YES_ERROR;
				CLANG_WARN_DOCUMENTATION_COMMENTS = YES;
				CLANG_WARN_EMPTY_BODY = YES;
				CLANG_WARN_ENUM_CONVERSION = YES;
				CLANG_WARN_INFINITE_RECURSION = YES;
				CLANG_WARN_INT_CONVERSION = YES;
				CLANG_WARN_OBJC_ROOT_CLASS = YES_ERROR;
				CLANG_WARN_SUSPICIOUS_MOVES = YES;
				CLANG_WARN_UNREACHABLE_CODE = YES;
				CLANG_WARN__DUPLICATE_METHOD_MATCH = YES;
				"CODE_SIGN_IDENTITY[sdk=iphoneos*]" = "iPhone Developer";
				COPY_PHASE_STRIP = NO;
				DEBUG_INFORMATION_FORMAT = "dwarf-with-dsym";
				ENABLE_NS_ASSERTIONS = NO;
				ENABLE_STRICT_OBJC_MSGSEND = YES;
				GCC_C_LANGUAGE_STANDARD = gnu99;
				GCC_NO_COMMON_BLOCKS = YES;
				GCC_WARN_64_TO_32_BIT_CONVERSION = YES;
				GCC_WARN_ABOUT_RETURN_TYPE = YES_ERROR;
				GCC_WARN_UNDECLARED_SELECTOR = YES;
				GCC_WARN_UNINITIALIZED_AUTOS = YES_AGGRESSIVE;
				GCC_WARN_UNUSED_FUNCTION = YES;
				GCC_WARN_UNUSED_VARIABLE = YES;
				IPHONEOS_DEPLOYMENT_TARGET = 10.0;
				MTL_ENABLE_DEBUG_INFO = NO;
				SDKROOT = iphoneos;
				SWIFT_OPTIMIZATION_LEVEL = "-Owholemodule";
				TARGETED_DEVICE_FAMILY = "1,2";
				VALIDATE_PRODUCT = YES;
			};
			name = Release;
		};
		3FE11C681E4A2F1C007746AD /* Debug */ = {
			isa = XCBuildConfiguration;
			buildSettings = {
				ASSETCATALOG_COMPILER_APPICON_NAME = AppIcon;
				INFOPLIST_FILE = CollegeProfileBuilder/Info.plist;
				LD_RUNPATH_SEARCH_PATHS = "$(inherited) @executable_path/Frameworks";
				PRODUCT_BUNDLE_IDENTIFIER = Maddie.CollegeProfileBuilder;
				PRODUCT_NAME = "$(TARGET_NAME)";
				SWIFT_VERSION = 3.0;
			};
			name = Debug;
		};
		3FE11C691E4A2F1C007746AD /* Release */ = {
			isa = XCBuildConfiguration;
			buildSettings = {
				ASSETCATALOG_COMPILER_APPICON_NAME = AppIcon;
				INFOPLIST_FILE = CollegeProfileBuilder/Info.plist;
				LD_RUNPATH_SEARCH_PATHS = "$(inherited) @executable_path/Frameworks";
				PRODUCT_BUNDLE_IDENTIFIER = Maddie.CollegeProfileBuilder;
				PRODUCT_NAME = "$(TARGET_NAME)";
				SWIFT_VERSION = 3.0;
			};
			name = Release;
		};
		3FE11C6B1E4A2F1C007746AD /* Debug */ = {
			isa = XCBuildConfiguration;
			buildSettings = {
				ALWAYS_EMBED_SWIFT_STANDARD_LIBRARIES = YES;
				BUNDLE_LOADER = "$(TEST_HOST)";
				INFOPLIST_FILE = CollegeProfileBuilderTests/Info.plist;
				LD_RUNPATH_SEARCH_PATHS = "$(inherited) @executable_path/Frameworks @loader_path/Frameworks";
				PRODUCT_BUNDLE_IDENTIFIER = Maddie.CollegeProfileBuilderTests;
				PRODUCT_NAME = "$(TARGET_NAME)";
				SWIFT_VERSION = 3.0;
				TEST_HOST = "$(BUILT_PRODUCTS_DIR)/CollegeProfileBuilder.app/CollegeProfileBuilder";
			};
			name = Debug;
		};
		3FE11C6C1E4A2F1C007746AD /* Release */ = {
			isa = XCBuildConfiguration;
			buildSettings = {
				ALWAYS_EMBED_SWIFT_STANDARD_LIBRARIES = YES;
				BUNDLE_LOADER = "$(TEST_HOST)";
				INFOPLIST_FILE = CollegeProfileBuilderTests/Info.plist;
				LD_RUNPATH_SEARCH_PATHS = "$(inherited) @executable_path/Frameworks @loader_path/Frameworks";
				PRODUCT_BUNDLE_IDENTIFIER = Maddie.CollegeProfileBuilderTests;
				PRODUCT_NAME = "$(TARGET_NAME)";
				SWIFT_VERSION = 3.0;
				TEST_HOST = "$(BUILT_PRODUCTS_DIR)/CollegeProfileBuilder.app/CollegeProfileBuilder";
			};
			name = Release;
		};
		3FE11C6E1E4A2F1C007746AD /* Debug */ = {
			isa = XCBuildConfiguration;
			buildSettings = {
				ALWAYS_EMBED_SWIFT_STANDARD_LIBRARIES = YES;
				INFOPLIST_FILE = CollegeProfileBuilderUITests/Info.plist;
				LD_RUNPATH_SEARCH_PATHS = "$(inherited) @executable_path/Frameworks @loader_path/Frameworks";
				PRODUCT_BUNDLE_IDENTIFIER = Maddie.CollegeProfileBuilderUITests;
				PRODUCT_NAME = "$(TARGET_NAME)";
				SWIFT_VERSION = 3.0;
				TEST_TARGET_NAME = CollegeProfileBuilder;
			};
			name = Debug;
		};
		3FE11C6F1E4A2F1C007746AD /* Release */ = {
			isa = XCBuildConfiguration;
			buildSettings = {
				ALWAYS_EMBED_SWIFT_STANDARD_LIBRARIES = YES;
				INFOPLIST_FILE = CollegeProfileBuilderUITests/Info.plist;
				LD_RUNPATH_SEARCH_PATHS = "$(inherited) @executable_path/Frameworks @loader_path/Frameworks";
				PRODUCT_BUNDLE_IDENTIFIER = Maddie.CollegeProfileBuilderUITests;
				PRODUCT_NAME = "$(TARGET_NAME)";
				SWIFT_VERSION = 3.0;
				TEST_TARGET_NAME = CollegeProfileBuilder;
			};
			name = Release;
		};
/* End XCBuildConfiguration section */

/* Begin XCConfigurationList section */
		3FE11C3A1E4A2F1C007746AD /* Build configuration list for PBXProject "CollegeProfileBuilder" */ = {
			isa = XCConfigurationList;
			buildConfigurations = (
				3FE11C651E4A2F1C007746AD /* Debug */,
				3FE11C661E4A2F1C007746AD /* Release */,
			);
			defaultConfigurationIsVisible = 0;
			defaultConfigurationName = Release;
		};
		3FE11C671E4A2F1C007746AD /* Build configuration list for PBXNativeTarget "CollegeProfileBuilder" */ = {
			isa = XCConfigurationList;
			buildConfigurations = (
				3FE11C681E4A2F1C007746AD /* Debug */,
				3FE11C691E4A2F1C007746AD /* Release */,
			);
			defaultConfigurationIsVisible = 0;
		};
		3FE11C6A1E4A2F1C007746AD /* Build configuration list for PBXNativeTarget "CollegeProfileBuilderTests" */ = {
			isa = XCConfigurationList;
			buildConfigurations = (
				3FE11C6B1E4A2F1C007746AD /* Debug */,
				3FE11C6C1E4A2F1C007746AD /* Release */,
			);
			defaultConfigurationIsVisible = 0;
		};
		3FE11C6D1E4A2F1C007746AD /* Build configuration list for PBXNativeTarget "CollegeProfileBuilderUITests" */ = {
			isa = XCConfigurationList;
			buildConfigurations = (
				3FE11C6E1E4A2F1C007746AD /* Debug */,
				3FE11C6F1E4A2F1C007746AD /* Release */,
			);
			defaultConfigurationIsVisible = 0;
		};
/* End XCConfigurationList section */
	};
	rootObject = 3FE11C371E4A2F1C007746AD /* Project object */;
}
